
Microsoft Visual Studio Solution File, Format Version 12.00
# Visual Studio Version 17
VisualStudioVersion = 17.7.34031.279
MinimumVisualStudioVersion = 10.0.40219.1
Project("{FAE04EC0-301F-11D3-BF4B-00C04F79EFBC}") = "PZ_03", "PZ_03.csproj", "{EE3244C4-4811-4DFB-BE8A-F5A1B674E2D4}"
EndProject
Global
	GlobalSection(SolutionConfigurationPlatforms) = preSolution
		Debug|Any CPU = Debug|Any CPU
		Release|Any CPU = Release|Any CPU
	EndGlobalSection
	GlobalSection(ProjectConfigurationPlatforms) = postSolution
		{EE3244C4-4811-4DFB-BE8A-F5A1B674E2D4}.Debug|Any CPU.ActiveCfg = Debug|Any CPU
		{EE3244C4-4811-4DFB-BE8A-F5A1B674E2D4}.Debug|Any CPU.Build.0 = Debug|Any CPU
		{EE3244C4-4811-4DFB-BE8A-F5A1B674E2D4}.Release|Any CPU.ActiveCfg = Release|Any CPU
		{EE3244C4-4811-4DFB-BE8A-F5A1B674E2D4}.Release|Any CPU.Build.0 = Release|Any CPU
	EndGlobalSection
	GlobalSection(SolutionProperties) = preSolution
		HideSolutionNode = FALSE
	EndGlobalSection
	GlobalSection(ExtensibilityGlobals) = postSolution
		SolutionGuid = {3AEEC233-7CB5-4207-8414-FDDC67C0AAB0}
	EndGlobalSection
EndGlobal
