
Microsoft Visual Studio Solution File, Format Version 12.00
# Visual Studio Version 17
VisualStudioVersion = 17.7.34024.191
MinimumVisualStudioVersion = 10.0.40219.1
Project("{FAE04EC0-301F-11D3-BF4B-00C04F79EFBC}") = "PZ_11", "PZ_11.csproj", "{735989C0-CC40-4823-AD77-9DDCC85290D5}"
EndProject
Global
	GlobalSection(SolutionConfigurationPlatforms) = preSolution
		Debug|Any CPU = Debug|Any CPU
		Release|Any CPU = Release|Any CPU
	EndGlobalSection
	GlobalSection(ProjectConfigurationPlatforms) = postSolution
		{735989C0-CC40-4823-AD77-9DDCC85290D5}.Debug|Any CPU.ActiveCfg = Debug|Any CPU
		{735989C0-CC40-4823-AD77-9DDCC85290D5}.Debug|Any CPU.Build.0 = Debug|Any CPU
		{735989C0-CC40-4823-AD77-9DDCC85290D5}.Release|Any CPU.ActiveCfg = Release|Any CPU
		{735989C0-CC40-4823-AD77-9DDCC85290D5}.Release|Any CPU.Build.0 = Release|Any CPU
	EndGlobalSection
	GlobalSection(SolutionProperties) = preSolution
		HideSolutionNode = FALSE
	EndGlobalSection
	GlobalSection(ExtensibilityGlobals) = postSolution
		SolutionGuid = {54169EB2-6384-41B0-A2EA-48692AD11F04}
	EndGlobalSection
EndGlobal
