
Microsoft Visual Studio Solution File, Format Version 12.00
# Visual Studio Version 17
VisualStudioVersion = 17.7.34024.191
MinimumVisualStudioVersion = 10.0.40219.1
Project("{FAE04EC0-301F-11D3-BF4B-00C04F79EFBC}") = "PZ_13", "PZ_13.csproj", "{64EABB49-1656-4CCF-B2F3-5A6129D2A392}"
EndProject
Global
	GlobalSection(SolutionConfigurationPlatforms) = preSolution
		Debug|Any CPU = Debug|Any CPU
		Release|Any CPU = Release|Any CPU
	EndGlobalSection
	GlobalSection(ProjectConfigurationPlatforms) = postSolution
		{64EABB49-1656-4CCF-B2F3-5A6129D2A392}.Debug|Any CPU.ActiveCfg = Debug|Any CPU
		{64EABB49-1656-4CCF-B2F3-5A6129D2A392}.Debug|Any CPU.Build.0 = Debug|Any CPU
		{64EABB49-1656-4CCF-B2F3-5A6129D2A392}.Release|Any CPU.ActiveCfg = Release|Any CPU
		{64EABB49-1656-4CCF-B2F3-5A6129D2A392}.Release|Any CPU.Build.0 = Release|Any CPU
	EndGlobalSection
	GlobalSection(SolutionProperties) = preSolution
		HideSolutionNode = FALSE
	EndGlobalSection
	GlobalSection(ExtensibilityGlobals) = postSolution
		SolutionGuid = {38446D41-8A3C-4397-90D1-91D244DA0D2F}
	EndGlobalSection
EndGlobal
